{
  "name": "playwritee2eautomation",
  "version": "1.0.0",
  "lockfileVersion": 3,
  "requires": true,
  "packages": {
    "": {
      "name": "playwritee2eautomation",
      "version": "1.0.0",
      "license": "ISC",
      "devDependencies": {
        "@playwright/test": "^1.37.1",
        "allure-commandline": "^2.24.0",
        "allure-playwright": "2.8.1"
      }
    },
    "node_modules/@playwright/test": {
      "version": "1.37.1",
      "dev": true,
      "license": "Apache-2.0",
      "dependencies": {
        "@types/node": "*",
        "playwright-core": "1.37.1"
      },
      "bin": {
        "playwright": "cli.js"
      },
      "engines": {
        "node": ">=16"
      },
      "optionalDependencies": {
        "fsevents": "2.3.2"
      }
    },
    "node_modules/@types/node": {
      "version": "20.6.0",
      "dev": true,
      "license": "MIT"
    },
    "node_modules/allure-commandline": {
      "version": "2.24.0",
      "dev": true,
      "license": "Apache-2.0",
      "bin": {
        "allure": "bin/allure"
      }
    },
    "node_modules/allure-js-commons": {
      "version": "2.8.1",
      "dev": true,
      "license": "Apache-2.0",
      "dependencies": {
        "properties": "^1.2.1"
      }
    },
    "node_modules/allure-playwright": {
      "version": "2.8.1",
      "dev": true,
      "license": "Apache-2.0",
      "dependencies": {
        "allure-js-commons": "2.8.1"
      }
    },
    "node_modules/fsevents": {
      "version": "2.3.2",
      "dev": true,
      "license": "MIT",
      "optional": true,
      "os": [
        "darwin"
      ],
      "engines": {
        "node": "^8.16.0 || ^10.6.0 || >=11.0.0"
      }
    },
    "node_modules/playwright-core": {
      "version": "1.37.1",
      "dev": true,
      "license": "Apache-2.0",
      "bin": {
        "playwright-core": "cli.js"
      },
      "engines": {
        "node": ">=16"
      }
    },
    "node_modules/properties": {
      "version": "1.2.1",
      "dev": true,
      "license": "MIT",
      "engines": {
        "node": ">=0.10"
      }
    }
  }
}
